// !$*UTF8*$!
{
	archiveVersion = 1;
	classes = {
	};
	objectVersion = 46;
	objects = {

/* Begin PBXBuildFile section */
		9FE9B8A71BA75CB60095E5E4 /* AppDelegate.swift in Sources */ = {isa = PBXBuildFile; fileRef = 9FE9B8A61BA75CB60095E5E4 /* AppDelegate.swift */; };
		9FE9B8A91BA75CB60095E5E4 /* ViewController.swift in Sources */ = {isa = PBXBuildFile; fileRef = 9FE9B8A81BA75CB60095E5E4 /* ViewController.swift */; };
		9FE9B8AC1BA75CB60095E5E4 /* Main.storyboard in Resources */ = {isa = PBXBuildFile; fileRef = 9FE9B8AA1BA75CB60095E5E4 /* Main.storyboard */; };
		9FE9B8AE1BA75CB60095E5E4 /* Assets.xcassets in Resources */ = {isa = PBXBuildFile; fileRef = 9FE9B8AD1BA75CB60095E5E4 /* Assets.xcassets */; };
		9FE9B8B11BA75CB60095E5E4 /* LaunchScreen.storyboard in Resources */ = {isa = PBXBuildFile; fileRef = 9FE9B8AF1BA75CB60095E5E4 /* LaunchScreen.storyboard */; };
/* End PBXBuildFile section */

/* Begin PBXFileReference section */
		9FE9B8A31BA75CB60095E5E4 /* Icons shortcuts.app */ = {isa = PBXFileReference; explicitFileType = wrapper.application; includeInIndex = 0; path = "Icons shortcuts.app"; sourceTree = BUILT_PRODUCTS_DIR; };
		9FE9B8A61BA75CB60095E5E4 /* AppDelegate.swift */ = {isa = PBXFileReference; lastKnownFileType = sourcecode.swift; path = AppDelegate.swift; sourceTree = "<group>"; };
		9FE9B8A81BA75CB60095E5E4 /* ViewController.swift */ = {isa = PBXFileReference; lastKnownFileType = sourcecode.swift; path = ViewController.swift; sourceTree = "<group>"; };
		9FE9B8AB1BA75CB60095E5E4 /* Base */ = {isa = PBXFileReference; lastKnownFileType = file.storyboard; name = Base; path = Base.lproj/Main.storyboard; sourceTree = "<group>"; };
		9FE9B8AD1BA75CB60095E5E4 /* Assets.xcassets */ = {isa = PBXFileReference; lastKnownFileType = folder.assetcatalog; path = Assets.xcassets; sourceTree = "<group>"; };
		9FE9B8B01BA75CB60095E5E4 /* Base */ = {isa = PBXFileReference; lastKnownFileType = file.storyboard; name = Base; path = Base.lproj/LaunchScreen.storyboard; sourceTree = "<group>"; };
		9FE9B8B21BA75CB60095E5E4 /* Info.plist */ = {isa = PBXFileReference; lastKnownFileType = text.plist.xml; path = Info.plist; sourceTree = "<group>"; };
/* End PBXFileReference section */

/* Begin PBXFrameworksBuildPhase section */
		9FE9B8A01BA75CB60095E5E4 /* Frameworks */ = {
			isa = PBXFrameworksBuildPhase;
			buildActionMask = 2147483647;
			files = (
			);
			runOnlyForDeploymentPostprocessing = 0;
		};
/* End PBXFrameworksBuildPhase section */

/* Begin PBXGroup section */
		9FE9B89A1BA75CB60095E5E4 = {
			isa = PBXGroup;
			children = (
				9FE9B8A51BA75CB60095E5E4 /* Icons shortcuts */,
				9FE9B8A41BA75CB60095E5E4 /* Products */,
			);
			sourceTree = "<group>";
		};
		9FE9B8A41BA75CB60095E5E4 /* Products */ = {
			isa = PBXGroup;
			children = (
				9FE9B8A31BA75CB60095E5E4 /* Icons shortcuts.app */,
			);
			name = Products;
			sourceTree = "<group>";
		};
		9FE9B8A51BA75CB60095E5E4 /* Icons shortcuts */ = {
			isa = PBXGroup;
			children = (
				9FE9B8A61BA75CB60095E5E4 /* AppDelegate.swift */,
				9FE9B8A81BA75CB60095E5E4 /* ViewController.swift */,
				9FE9B8AA1BA75CB60095E5E4 /* Main.storyboard */,
				9FE9B8AD1BA75CB60095E5E4 /* Assets.xcassets */,
				9FE9B8AF1BA75CB60095E5E4 /* LaunchScreen.storyboard */,
				9FE9B8B21BA75CB60095E5E4 /* Info.plist */,
			);
			path = "Icons shortcuts";
			sourceTree = "<group>";
		};
/* End PBXGroup section */

/* Begin PBXNativeTarget section */
		9FE9B8A21BA75CB60095E5E4 /* Icons shortcuts */ = {
			isa = PBXNativeTarget;
			buildConfigurationList = 9FE9B8B51BA75CB60095E5E4 /* Build configuration list for PBXNativeTarget "Icons shortcuts" */;
			buildPhases = (
				9FE9B89F1BA75CB60095E5E4 /* Sources */,
				9FE9B8A01BA75CB60095E5E4 /* Frameworks */,
				9FE9B8A11BA75CB60095E5E4 /* Resources */,
			);
			buildRules = (
			);
			dependencies = (
			);
			name = "Icons shortcuts";
			productName = "Icons shortcuts";
			productReference = 9FE9B8A31BA75CB60095E5E4 /* Icons shortcuts.app */;
			productType = "com.apple.product-type.application";
		};
/* End PBXNativeTarget section */

/* Begin PBXProject section */
		9FE9B89B1BA75CB60095E5E4 /* Project object */ = {
			isa = PBXProject;
			attributes = {
				LastUpgradeCheck = 0700;
				ORGANIZATIONNAME = "stringCode ltd";
				TargetAttributes = {
					9FE9B8A21BA75CB60095E5E4 = {
						CreatedOnToolsVersion = 7.0;
					};
				};
			};
			buildConfigurationList = 9FE9B89E1BA75CB60095E5E4 /* Build configuration list for PBXProject "Icons shortcuts" */;
			compatibilityVersion = "Xcode 3.2";
			developmentRegion = English;
			hasScannedForEncodings = 0;
			knownRegions = (
				en,
				Base,
			);
			mainGroup = 9FE9B89A1BA75CB60095E5E4;
			productRefGroup = 9FE9B8A41BA75CB60095E5E4 /* Products */;
			projectDirPath = "";
			projectRoot = "";
			targets = (
				9FE9B8A21BA75CB60095E5E4 /* Icons shortcuts */,
			);
		};
/* End PBXProject section */

/* Begin PBXResourcesBuildPhase section */
		9FE9B8A11BA75CB60095E5E4 /* Resources */ = {
			isa = PBXResourcesBuildPhase;
			buildActionMask = 2147483647;
			files = (
				9FE9B8B11BA75CB60095E5E4 /* LaunchScreen.storyboard in Resources */,
				9FE9B8AE1BA75CB60095E5E4 /* Assets.xcassets in Resources */,
				9FE9B8AC1BA75CB60095E5E4 /* Main.storyboard in Resources */,
			);
			runOnlyForDeploymentPostprocessing = 0;
		};
/* End PBXResourcesBuildPhase section */

/* Begin PBXSourcesBuildPhase section */
		9FE9B89F1BA75CB60095E5E4 /* Sources */ = {
			isa = PBXSourcesBuildPhase;
			buildActionMask = 2147483647;
			files = (
				9FE9B8A91BA75CB60095E5E4 /* ViewController.swift in Sources */,
				9FE9B8A71BA75CB60095E5E4 /* AppDelegate.swift in Sources */,
			);
			runOnlyForDeploymentPostprocessing = 0;
		};
/* End PBXSourcesBuildPhase section */

/* Begin PBXVariantGroup section */
		9FE9B8AA1BA75CB60095E5E4 /* Main.storyboard */ = {
			isa = PBXVariantGroup;
			children = (
				9FE9B8AB1BA75CB60095E5E4 /* Base */,
			);
			name = Main.storyboard;
			sourceTree = "<group>";
		};
		9FE9B8AF1BA75CB60095E5E4 /* LaunchScreen.storyboard */ = {
			isa = PBXVariantGroup;
			children = (
				9FE9B8B01BA75CB60095E5E4 /* Base */,
			);
			name = LaunchScreen.storyboard;
			sourceTree = "<group>";
		};
/* End PBXVariantGroup section */

/* Begin XCBuildConfiguration section */
		9FE9B8B31BA75CB60095E5E4 /* Debug */ = {
			isa = XCBuildConfiguration;
			buildSettings = {
				ALWAYS_SEARCH_USER_PATHS = NO;
				CLANG_CXX_LANGUAGE_STANDARD = "gnu++0x";
				CLANG_CXX_LIBRARY = "libc++";
				CLANG_ENABLE_MODULES = YES;
				CLANG_ENABLE_OBJC_ARC = YES;
				CLANG_WARN_BOOL_CONVERSION = YES;
				CLANG_WARN_CONSTANT_CONVERSION = YES;
				CLANG_WARN_DIRECT_OBJC_ISA_USAGE = YES_ERROR;
				CLANG_WARN_EMPTY_BODY = YES;
				CLANG_WARN_ENUM_CONVERSION = YES;
				CLANG_WARN_INT_CONVERSION = YES;
				CLANG_WARN_OBJC_ROOT_CLASS = YES_ERROR;
				CLANG_WARN_UNREACHABLE_CODE = YES;
				CLANG_WARN__DUPLICATE_METHOD_MATCH = YES;
				"CODE_SIGN_IDENTITY[sdk=iphoneos*]" = "iPhone Developer";
				COPY_PHASE_STRIP = NO;
				DEBUG_INFORMATION_FORMAT = dwarf;
				ENABLE_STRICT_OBJC_MSGSEND = YES;
				ENABLE_TESTABILITY = YES;
				GCC_C_LANGUAGE_STANDARD = gnu99;
				GCC_DYNAMIC_NO_PIC = NO;
				GCC_NO_COMMON_BLOCKS = YES;
				GCC_OPTIMIZATION_LEVEL = 0;
				GCC_PREPROCESSOR_DEFINITIONS = (
					"DEBUG=1",
					"$(inherited)",
				);
				GCC_WARN_64_TO_32_BIT_CONVERSION = YES;
				GCC_WARN_ABOUT_RETURN_TYPE = YES_ERROR;
				GCC_WARN_UNDECLARED_SELECTOR = YES;
				GCC_WARN_UNINITIALIZED_AUTOS = YES_AGGRESSIVE;
				GCC_WARN_UNUSED_FUNCTION = YES;
				GCC_WARN_UNUSED_VARIABLE = YES;
				IPHONEOS_DEPLOYMENT_TARGET = 9.0;
				MTL_ENABLE_DEBUG_INFO = YES;
				ONLY_ACTIVE_ARCH = YES;
				SDKROOT = iphoneos;
				SWIFT_OPTIMIZATION_LEVEL = "-Onone";
				TARGETED_DEVICE_FAMILY = "1,2";
			};
			name = Debug;
		};
		9FE9B8B41BA75CB60095E5E4 /* Release */ = {
			isa = XCBuildConfiguration;
			buildSettings = {
				ALWAYS_SEARCH_USER_PATHS = NO;
				CLANG_CXX_LANGUAGE_STANDARD = "gnu++0x";
				CLANG_CXX_LIBRARY = "libc++";
				CLANG_ENABLE_MODULES = YES;
				CLANG_ENABLE_OBJC_ARC = YES;
				CLANG_WARN_BOOL_CONVERSION = YES;
				CLANG_WARN_CONSTANT_CONVERSION = YES;
				CLANG_WARN_DIRECT_OBJC_ISA_USAGE = YES_ERROR;
				CLANG_WARN_EMPTY_BODY = YES;
				CLANG_WARN_ENUM_CONVERSION = YES;
				CLANG_WARN_INT_CONVERSION = YES;
				CLANG_WARN_OBJC_ROOT_CLASS = YES_ERROR;
				CLANG_WARN_UNREACHABLE_CODE = YES;
				CLANG_WARN__DUPLICATE_METHOD_MATCH = YES;
				"CODE_SIGN_IDENTITY[sdk=iphoneos*]" = "iPhone Developer";
				COPY_PHASE_STRIP = NO;
				DEBUG_INFORMATION_FORMAT = "dwarf-with-dsym";
				ENABLE_NS_ASSERTIONS = NO;
				ENABLE_STRICT_OBJC_MSGSEND = YES;
				GCC_C_LANGUAGE_STANDARD = gnu99;
				GCC_NO_COMMON_BLOCKS = YES;
				GCC_WARN_64_TO_32_BIT_CONVERSION = YES;
				GCC_WARN_ABOUT_RETURN_TYPE = YES_ERROR;
				GCC_WARN_UNDECLARED_SELECTOR = YES;
				GCC_WARN_UNINITIALIZED_AUTOS = YES_AGGRESSIVE;
				GCC_WARN_UNUSED_FUNCTION = YES;
				GCC_WARN_UNUSED_VARIABLE = YES;
				IPHONEOS_DEPLOYMENT_TARGET = 9.0;
				MTL_ENABLE_DEBUG_INFO = NO;
				SDKROOT = iphoneos;
				TARGETED_DEVICE_FAMILY = "1,2";
				VALIDATE_PRODUCT = YES;
			};
			name = Release;
		};
		9FE9B8B61BA75CB60095E5E4 /* Debug */ = {
			isa = XCBuildConfiguration;
			buildSettings = {
				ASSETCATALOG_COMPILER_APPICON_NAME = AppIcon;
				INFOPLIST_FILE = "Icons shortcuts/Info.plist";
				LD_RUNPATH_SEARCH_PATHS = "$(inherited) @executable_path/Frameworks";
				PRODUCT_BUNDLE_IDENTIFIER = "uk.co.stringCode.Icons-shortcuts";
				PRODUCT_NAME = "$(TARGET_NAME)";
			};
			name = Debug;
		};
		9FE9B8B71BA75CB60095E5E4 /* Release */ = {
			isa = XCBuildConfiguration;
			buildSettings = {
				ASSETCATALOG_COMPILER_APPICON_NAME = AppIcon;
				INFOPLIST_FILE = "Icons shortcuts/Info.plist";
				LD_RUNPATH_SEARCH_PATHS = "$(inherited) @executable_path/Frameworks";
				PRODUCT_BUNDLE_IDENTIFIER = "uk.co.stringCode.Icons-shortcuts";
				PRODUCT_NAME = "$(TARGET_NAME)";
			};
			name = Release;
		};
/* End XCBuildConfiguration section */

/* Begin XCConfigurationList section */
		9FE9B89E1BA75CB60095E5E4 /* Build configuration list for PBXProject "Icons shortcuts" */ = {
			isa = XCConfigurationList;
			buildConfigurations = (
				9FE9B8B31BA75CB60095E5E4 /* Debug */,
				9FE9B8B41BA75CB60095E5E4 /* Release */,
			);
			defaultConfigurationIsVisible = 0;
			defaultConfigurationName = Release;
		};
		9FE9B8B51BA75CB60095E5E4 /* Build configuration list for PBXNativeTarget "Icons shortcuts" */ = {
			isa = XCConfigurationList;
			buildConfigurations = (
				9FE9B8B61BA75CB60095E5E4 /* Debug */,
				9FE9B8B71BA75CB60095E5E4 /* Release */,
			);
			defaultConfigurationIsVisible = 0;
		};
/* End XCConfigurationList section */
	};
	rootObject = 9FE9B89B1BA75CB60095E5E4 /* Project object */;
}
